
Microsoft Visual Studio Solution File, Format Version 12.00
# Visual Studio Version 17
VisualStudioVersion = 17.0.31903.59
MinimumVisualStudioVersion = 10.0.40219.1
Project("{2150E333-8FDC-42A3-9474-1A3956D46DE8}") = ".github", ".github", "{0DDF662D-0DEC-421D-8A9B-6F8BF79F64D5}"
EndProject
Project("{2150E333-8FDC-42A3-9474-1A3956D46DE8}") = "workflows", "workflows", "{5676A1A5-3367-4ABB-AD65-CC249C98E622}"
	ProjectSection(SolutionItems) = preProject
		.github\workflows\main.yml = .github\workflows\main.yml
	EndProjectSection
EndProject
Project("{2150E333-8FDC-42A3-9474-1A3956D46DE8}") = "Solution Items", "Solution Items", "{1E385B06-769B-4CD2-BFD9-09F5EC4B7A60}"
	ProjectSection(SolutionItems) = preProject
		.editorconfig = .editorconfig
		.gitignore = .gitignore
		README.md = README.md
	EndProjectSection
EndProject
Project("{FAE04EC0-301F-11D3-BF4B-00C04F79EFBC}") = "ProcessDoctor", "ProcessDoctor\ProcessDoctor.csproj", "{6346D6A2-0AB9-40F7-A191-B1AEA6C90207}"
EndProject
Project("{FAE04EC0-301F-11D3-BF4B-00C04F79EFBC}") = "ProcessDoctor.Backend.Core", "ProcessDoctor.Backend.Core\ProcessDoctor.Backend.Core.csproj", "{EDF844CB-ED8F-4335-A86D-7E4AF4195242}"
EndProject
Project("{FAE04EC0-301F-11D3-BF4B-00C04F79EFBC}") = "ProcessDoctor.Backend.Windows", "ProcessDoctor.Backend.Windows\ProcessDoctor.Backend.Windows.csproj", "{92311FC8-1F7B-4F4A-8BCB-3B4916DEAFCD}"
EndProject
Global
	GlobalSection(SolutionConfigurationPlatforms) = preSolution
		Debug|Any CPU = Debug|Any CPU
		Release|Any CPU = Release|Any CPU
	EndGlobalSection
	GlobalSection(SolutionProperties) = preSolution
		HideSolutionNode = FALSE
	EndGlobalSection
	GlobalSection(NestedProjects) = preSolution
		{5676A1A5-3367-4ABB-AD65-CC249C98E622} = {0DDF662D-0DEC-421D-8A9B-6F8BF79F64D5}
	EndGlobalSection
	GlobalSection(ProjectConfigurationPlatforms) = postSolution
		{6346D6A2-0AB9-40F7-A191-B1AEA6C90207}.Debug|Any CPU.ActiveCfg = Debug|Any CPU
		{6346D6A2-0AB9-40F7-A191-B1AEA6C90207}.Debug|Any CPU.Build.0 = Debug|Any CPU
		{6346D6A2-0AB9-40F7-A191-B1AEA6C90207}.Release|Any CPU.ActiveCfg = Release|Any CPU
		{6346D6A2-0AB9-40F7-A191-B1AEA6C90207}.Release|Any CPU.Build.0 = Release|Any CPU
		{EDF844CB-ED8F-4335-A86D-7E4AF4195242}.Debug|Any CPU.ActiveCfg = Debug|Any CPU
		{EDF844CB-ED8F-4335-A86D-7E4AF4195242}.Debug|Any CPU.Build.0 = Debug|Any CPU
		{EDF844CB-ED8F-4335-A86D-7E4AF4195242}.Release|Any CPU.ActiveCfg = Release|Any CPU
		{EDF844CB-ED8F-4335-A86D-7E4AF4195242}.Release|Any CPU.Build.0 = Release|Any CPU
		{92311FC8-1F7B-4F4A-8BCB-3B4916DEAFCD}.Debug|Any CPU.ActiveCfg = Debug|Any CPU
		{92311FC8-1F7B-4F4A-8BCB-3B4916DEAFCD}.Debug|Any CPU.Build.0 = Debug|Any CPU
		{92311FC8-1F7B-4F4A-8BCB-3B4916DEAFCD}.Release|Any CPU.ActiveCfg = Release|Any CPU
		{92311FC8-1F7B-4F4A-8BCB-3B4916DEAFCD}.Release|Any CPU.Build.0 = Release|Any CPU
	EndGlobalSection
EndGlobal
