
Microsoft Visual Studio Solution File, Format Version 12.00
# Visual Studio Version 17
VisualStudioVersion = 17.0.31903.59
MinimumVisualStudioVersion = 10.0.40219.1
Project("{2150E333-8FDC-42A3-9474-1A3956D46DE8}") = ".github", ".github", "{0DDF662D-0DEC-421D-8A9B-6F8BF79F64D5}"
EndProject
Project("{2150E333-8FDC-42A3-9474-1A3956D46DE8}") = "workflows", "workflows", "{5676A1A5-3367-4ABB-AD65-CC249C98E622}"
	ProjectSection(SolutionItems) = preProject
		.github\workflows\main.yml = .github\workflows\main.yml
	EndProjectSection
EndProject
Project("{2150E333-8FDC-42A3-9474-1A3956D46DE8}") = "Solution Items", "Solution Items", "{1E385B06-769B-4CD2-BFD9-09F5EC4B7A60}"
	ProjectSection(SolutionItems) = preProject
		.editorconfig = .editorconfig
		.gitignore = .gitignore
		README.md = README.md
	EndProjectSection
EndProject
Project("{FAE04EC0-301F-11D3-BF4B-00C04F79EFBC}") = "ProcessDoctor", "ProcessDoctor\ProcessDoctor.csproj", "{6346D6A2-0AB9-40F7-A191-B1AEA6C90207}"
EndProject
Project("{FAE04EC0-301F-11D3-BF4B-00C04F79EFBC}") = "ProcessDoctor.Backend.Core", "ProcessDoctor.Backend.Core\ProcessDoctor.Backend.Core.csproj", "{EDF844CB-ED8F-4335-A86D-7E4AF4195242}"
EndProject
Project("{FAE04EC0-301F-11D3-BF4B-00C04F79EFBC}") = "ProcessDoctor.Backend.Windows", "ProcessDoctor.Backend.Windows\ProcessDoctor.Backend.Windows.csproj", "{92311FC8-1F7B-4F4A-8BCB-3B4916DEAFCD}"
EndProject
Project("{FAE04EC0-301F-11D3-BF4B-00C04F79EFBC}") = "ProcessDoctor.Tests", "ProcessDoctor.Tests\ProcessDoctor.Tests.csproj", "{F45DBA78-E9A4-4C55-946C-24538B05C664}"
EndProject
Project("{FAE04EC0-301F-11D3-BF4B-00C04F79EFBC}") = "ProcessDoctor.Backend.Windows.Tests", "ProcessDoctor.Backend.Windows.Tests\ProcessDoctor.Backend.Windows.Tests.csproj", "{732E6C91-83E0-4197-9B02-21FD5BB0840F}"
EndProject
Project("{FAE04EC0-301F-11D3-BF4B-00C04F79EFBC}") = "ProcessDoctor.Backend.Core.Tests", "ProcessDoctor.Backend.Core.Tests\ProcessDoctor.Backend.Core.Tests.csproj", "{4703AD77-C7EE-4E50-83C3-69C1356068E3}"
EndProject
Project("{FAE04EC0-301F-11D3-BF4B-00C04F79EFBC}") = "ProcessDoctor.TestFramework", "ProcessDoctor.TestFramework\ProcessDoctor.TestFramework.csproj", "{6A05F117-4A4F-4921-9600-77AEED86F0D2}"
EndProject
Project("{2150E333-8FDC-42A3-9474-1A3956D46DE8}") = "Tests", "Tests", "{BD3E309F-5175-4C68-8FFA-5F1A986C3D09}"
EndProject
Global
	GlobalSection(SolutionConfigurationPlatforms) = preSolution
		Debug|Any CPU = Debug|Any CPU
		Release|Any CPU = Release|Any CPU
	EndGlobalSection
	GlobalSection(SolutionProperties) = preSolution
		HideSolutionNode = FALSE
	EndGlobalSection
	GlobalSection(NestedProjects) = preSolution
		{5676A1A5-3367-4ABB-AD65-CC249C98E622} = {0DDF662D-0DEC-421D-8A9B-6F8BF79F64D5}
		{4703AD77-C7EE-4E50-83C3-69C1356068E3} = {BD3E309F-5175-4C68-8FFA-5F1A986C3D09}
		{732E6C91-83E0-4197-9B02-21FD5BB0840F} = {BD3E309F-5175-4C68-8FFA-5F1A986C3D09}
		{6A05F117-4A4F-4921-9600-77AEED86F0D2} = {BD3E309F-5175-4C68-8FFA-5F1A986C3D09}
		{F45DBA78-E9A4-4C55-946C-24538B05C664} = {BD3E309F-5175-4C68-8FFA-5F1A986C3D09}
	EndGlobalSection
	GlobalSection(ProjectConfigurationPlatforms) = postSolution
		{6346D6A2-0AB9-40F7-A191-B1AEA6C90207}.Debug|Any CPU.ActiveCfg = Debug|Any CPU
		{6346D6A2-0AB9-40F7-A191-B1AEA6C90207}.Debug|Any CPU.Build.0 = Debug|Any CPU
		{6346D6A2-0AB9-40F7-A191-B1AEA6C90207}.Release|Any CPU.ActiveCfg = Release|Any CPU
		{6346D6A2-0AB9-40F7-A191-B1AEA6C90207}.Release|Any CPU.Build.0 = Release|Any CPU
		{EDF844CB-ED8F-4335-A86D-7E4AF4195242}.Debug|Any CPU.ActiveCfg = Debug|Any CPU
		{EDF844CB-ED8F-4335-A86D-7E4AF4195242}.Debug|Any CPU.Build.0 = Debug|Any CPU
		{EDF844CB-ED8F-4335-A86D-7E4AF4195242}.Release|Any CPU.ActiveCfg = Release|Any CPU
		{EDF844CB-ED8F-4335-A86D-7E4AF4195242}.Release|Any CPU.Build.0 = Release|Any CPU
		{92311FC8-1F7B-4F4A-8BCB-3B4916DEAFCD}.Debug|Any CPU.ActiveCfg = Debug|Any CPU
		{92311FC8-1F7B-4F4A-8BCB-3B4916DEAFCD}.Debug|Any CPU.Build.0 = Debug|Any CPU
		{92311FC8-1F7B-4F4A-8BCB-3B4916DEAFCD}.Release|Any CPU.ActiveCfg = Release|Any CPU
		{92311FC8-1F7B-4F4A-8BCB-3B4916DEAFCD}.Release|Any CPU.Build.0 = Release|Any CPU
		{F45DBA78-E9A4-4C55-946C-24538B05C664}.Debug|Any CPU.ActiveCfg = Debug|Any CPU
		{F45DBA78-E9A4-4C55-946C-24538B05C664}.Debug|Any CPU.Build.0 = Debug|Any CPU
		{F45DBA78-E9A4-4C55-946C-24538B05C664}.Release|Any CPU.ActiveCfg = Release|Any CPU
		{F45DBA78-E9A4-4C55-946C-24538B05C664}.Release|Any CPU.Build.0 = Release|Any CPU
		{732E6C91-83E0-4197-9B02-21FD5BB0840F}.Debug|Any CPU.ActiveCfg = Debug|Any CPU
		{732E6C91-83E0-4197-9B02-21FD5BB0840F}.Debug|Any CPU.Build.0 = Debug|Any CPU
		{732E6C91-83E0-4197-9B02-21FD5BB0840F}.Release|Any CPU.ActiveCfg = Release|Any CPU
		{732E6C91-83E0-4197-9B02-21FD5BB0840F}.Release|Any CPU.Build.0 = Release|Any CPU
		{4703AD77-C7EE-4E50-83C3-69C1356068E3}.Debug|Any CPU.ActiveCfg = Debug|Any CPU
		{4703AD77-C7EE-4E50-83C3-69C1356068E3}.Debug|Any CPU.Build.0 = Debug|Any CPU
		{4703AD77-C7EE-4E50-83C3-69C1356068E3}.Release|Any CPU.ActiveCfg = Release|Any CPU
		{4703AD77-C7EE-4E50-83C3-69C1356068E3}.Release|Any CPU.Build.0 = Release|Any CPU
		{6A05F117-4A4F-4921-9600-77AEED86F0D2}.Debug|Any CPU.ActiveCfg = Debug|Any CPU
		{6A05F117-4A4F-4921-9600-77AEED86F0D2}.Debug|Any CPU.Build.0 = Debug|Any CPU
		{6A05F117-4A4F-4921-9600-77AEED86F0D2}.Release|Any CPU.ActiveCfg = Release|Any CPU
		{6A05F117-4A4F-4921-9600-77AEED86F0D2}.Release|Any CPU.Build.0 = Release|Any CPU
	EndGlobalSection
EndGlobal
